
Microsoft Visual Studio Solution File, Format Version 12.00
# Visual Studio Version 17
VisualStudioVersion = 17.8.34408.163
MinimumVisualStudioVersion = 10.0.40219.1
Project("{FAE04EC0-301F-11D3-BF4B-00C04F79EFBC}") = "Multitasking", "Multitasking\Multitasking.csproj", "{4D873504-0BA2-4A12-B772-EEB7CCE9AC6F}"
EndProject
Project("{FAE04EC0-301F-11D3-BF4B-00C04F79EFBC}") = "new", "new\new.csproj", "{44FE72E4-1F5B-470E-AC14-F92A85961E86}"
EndProject
Project("{FAE04EC0-301F-11D3-BF4B-00C04F79EFBC}") = "PracticeMultitaskingNew", "PracticeMultitaskingNew\PracticeMultitaskingNew.csproj", "{0B553249-2B3A-4D1F-B73F-4E45F025D297}"
EndProject
Global
	GlobalSection(SolutionConfigurationPlatforms) = preSolution
		Debug|Any CPU = Debug|Any CPU
		Release|Any CPU = Release|Any CPU
	EndGlobalSection
	GlobalSection(ProjectConfigurationPlatforms) = postSolution
		{4D873504-0BA2-4A12-B772-EEB7CCE9AC6F}.Debug|Any CPU.ActiveCfg = Debug|Any CPU
		{4D873504-0BA2-4A12-B772-EEB7CCE9AC6F}.Debug|Any CPU.Build.0 = Debug|Any CPU
		{4D873504-0BA2-4A12-B772-EEB7CCE9AC6F}.Release|Any CPU.ActiveCfg = Release|Any CPU
		{4D873504-0BA2-4A12-B772-EEB7CCE9AC6F}.Release|Any CPU.Build.0 = Release|Any CPU
		{44FE72E4-1F5B-470E-AC14-F92A85961E86}.Debug|Any CPU.ActiveCfg = Debug|Any CPU
		{44FE72E4-1F5B-470E-AC14-F92A85961E86}.Debug|Any CPU.Build.0 = Debug|Any CPU
		{44FE72E4-1F5B-470E-AC14-F92A85961E86}.Release|Any CPU.ActiveCfg = Release|Any CPU
		{44FE72E4-1F5B-470E-AC14-F92A85961E86}.Release|Any CPU.Build.0 = Release|Any CPU
		{0B553249-2B3A-4D1F-B73F-4E45F025D297}.Debug|Any CPU.ActiveCfg = Debug|Any CPU
		{0B553249-2B3A-4D1F-B73F-4E45F025D297}.Debug|Any CPU.Build.0 = Debug|Any CPU
		{0B553249-2B3A-4D1F-B73F-4E45F025D297}.Release|Any CPU.ActiveCfg = Release|Any CPU
		{0B553249-2B3A-4D1F-B73F-4E45F025D297}.Release|Any CPU.Build.0 = Release|Any CPU
	EndGlobalSection
	GlobalSection(SolutionProperties) = preSolution
		HideSolutionNode = FALSE
	EndGlobalSection
	GlobalSection(ExtensibilityGlobals) = postSolution
		SolutionGuid = {25575866-B397-4A94-B1D3-BC07DDD8F5A9}
	EndGlobalSection
EndGlobal
